{
    "requires": true,
    "lockfileVersion": 1,
    "dependencies": {
        "admin-lte": {
            "version": "2.3.11",
            "resolved": "https://registry.npmjs.org/admin-lte/-/admin-lte-2.3.11.tgz",
            "integrity": "sha512-k5QdQxF226h7odK+1iSdG4CVHrl1mpzDAQtZOfH7voGYUn52iR1pAmlhwV1bGT26A7HmY2IxPK1Lsy5UvwDc5g=="
        }
    }
}
